// !$*UTF8*$!
{
	archiveVersion = 1;
	classes = {
	};
	objectVersion = 56;
	objects = {

/* Begin PBXBuildFile section */
		D2073DB12AFFE39900276049 /* FirebaseAnalytics in Frameworks */ = {isa = PBXBuildFile; productRef = D2073DB02AFFE39900276049 /* FirebaseAnalytics */; };
		D2073DB32AFFE39900276049 /* FirebaseAnalyticsOnDeviceConversion in Frameworks */ = {isa = PBXBuildFile; productRef = D2073DB22AFFE39900276049 /* FirebaseAnalyticsOnDeviceConversion */; };
		D2073DB52AFFE39900276049 /* FirebaseAnalyticsSwift in Frameworks */ = {isa = PBXBuildFile; productRef = D2073DB42AFFE39900276049 /* FirebaseAnalyticsSwift */; };
		D2073DB72AFFE39900276049 /* FirebaseAnalyticsWithoutAdIdSupport in Frameworks */ = {isa = PBXBuildFile; productRef = D2073DB62AFFE39900276049 /* FirebaseAnalyticsWithoutAdIdSupport */; };
		D2073DB92AFFE39900276049 /* FirebaseAppCheck in Frameworks */ = {isa = PBXBuildFile; productRef = D2073DB82AFFE39900276049 /* FirebaseAppCheck */; };
		D2073DBB2AFFE39900276049 /* FirebaseAppDistribution-Beta in Frameworks */ = {isa = PBXBuildFile; productRef = D2073DBA2AFFE39900276049 /* FirebaseAppDistribution-Beta */; };
		D2073DBD2AFFE39900276049 /* FirebaseAuth in Frameworks */ = {isa = PBXBuildFile; productRef = D2073DBC2AFFE39900276049 /* FirebaseAuth */; };
		D2073DBF2AFFE39900276049 /* FirebaseAuthCombine-Community in Frameworks */ = {isa = PBXBuildFile; productRef = D2073DBE2AFFE39900276049 /* FirebaseAuthCombine-Community */; };
		D2073DC12AFFE39900276049 /* FirebaseCrashlytics in Frameworks */ = {isa = PBXBuildFile; productRef = D2073DC02AFFE39900276049 /* FirebaseCrashlytics */; };
		D2073DC32AFFE39900276049 /* FirebaseDatabase in Frameworks */ = {isa = PBXBuildFile; productRef = D2073DC22AFFE39900276049 /* FirebaseDatabase */; };
		D2073DC52AFFE39900276049 /* FirebaseDatabaseSwift in Frameworks */ = {isa = PBXBuildFile; productRef = D2073DC42AFFE39900276049 /* FirebaseDatabaseSwift */; };
		D2073DC72AFFE39900276049 /* FirebaseDynamicLinks in Frameworks */ = {isa = PBXBuildFile; productRef = D2073DC62AFFE39900276049 /* FirebaseDynamicLinks */; };
		D2073DC92AFFE39900276049 /* FirebaseFirestore in Frameworks */ = {isa = PBXBuildFile; productRef = D2073DC82AFFE39900276049 /* FirebaseFirestore */; };
		D2073DCB2AFFE39900276049 /* FirebaseFirestoreCombine-Community in Frameworks */ = {isa = PBXBuildFile; productRef = D2073DCA2AFFE39900276049 /* FirebaseFirestoreCombine-Community */; };
		D2073DCD2AFFE39900276049 /* FirebaseFirestoreSwift in Frameworks */ = {isa = PBXBuildFile; productRef = D2073DCC2AFFE39900276049 /* FirebaseFirestoreSwift */; };
		D2073DCF2AFFE39900276049 /* FirebaseFunctions in Frameworks */ = {isa = PBXBuildFile; productRef = D2073DCE2AFFE39900276049 /* FirebaseFunctions */; };
		D2073DD12AFFE39900276049 /* FirebaseFunctionsCombine-Community in Frameworks */ = {isa = PBXBuildFile; productRef = D2073DD02AFFE39900276049 /* FirebaseFunctionsCombine-Community */; };
		D2073DD32AFFE39900276049 /* FirebaseInAppMessaging-Beta in Frameworks */ = {isa = PBXBuildFile; productRef = D2073DD22AFFE39900276049 /* FirebaseInAppMessaging-Beta */; };
		D2073DD52AFFE39900276049 /* FirebaseInAppMessagingSwift-Beta in Frameworks */ = {isa = PBXBuildFile; productRef = D2073DD42AFFE39900276049 /* FirebaseInAppMessagingSwift-Beta */; };
		D2073DD72AFFE39900276049 /* FirebaseInstallations in Frameworks */ = {isa = PBXBuildFile; productRef = D2073DD62AFFE39900276049 /* FirebaseInstallations */; };
		D2073DD92AFFE39900276049 /* FirebaseMLModelDownloader in Frameworks */ = {isa = PBXBuildFile; productRef = D2073DD82AFFE39900276049 /* FirebaseMLModelDownloader */; };
		D2073DDB2AFFE39900276049 /* FirebaseMessaging in Frameworks */ = {isa = PBXBuildFile; productRef = D2073DDA2AFFE39900276049 /* FirebaseMessaging */; };
		D2073DDD2AFFE39900276049 /* FirebasePerformance in Frameworks */ = {isa = PBXBuildFile; productRef = D2073DDC2AFFE39900276049 /* FirebasePerformance */; };
		D2073DDF2AFFE39900276049 /* FirebaseRemoteConfig in Frameworks */ = {isa = PBXBuildFile; productRef = D2073DDE2AFFE39900276049 /* FirebaseRemoteConfig */; };
		D2073DE12AFFE39900276049 /* FirebaseRemoteConfigSwift in Frameworks */ = {isa = PBXBuildFile; productRef = D2073DE02AFFE39900276049 /* FirebaseRemoteConfigSwift */; };
		D2073DE32AFFE39900276049 /* FirebaseStorage in Frameworks */ = {isa = PBXBuildFile; productRef = D2073DE22AFFE39900276049 /* FirebaseStorage */; };
		D2073DE52AFFE39900276049 /* FirebaseStorageCombine-Community in Frameworks */ = {isa = PBXBuildFile; productRef = D2073DE42AFFE39900276049 /* FirebaseStorageCombine-Community */; };
		D2073DE72AFFE46900276049 /* GoogleService-Info.plist in Resources */ = {isa = PBXBuildFile; fileRef = D2073DE62AFFE46900276049 /* GoogleService-Info.plist */; };
		D2073DED2AFFE8DF00276049 /* ProfileView.swift in Sources */ = {isa = PBXBuildFile; fileRef = D2073DEC2AFFE8DF00276049 /* ProfileView.swift */; };
		D2073DEF2AFFE90400276049 /* ToDoListItemView.swift in Sources */ = {isa = PBXBuildFile; fileRef = D2073DEE2AFFE90400276049 /* ToDoListItemView.swift */; };
		D2073DF12AFFE92400276049 /* NewItemView.swift in Sources */ = {isa = PBXBuildFile; fileRef = D2073DF02AFFE92400276049 /* NewItemView.swift */; };
		D2073DF32AFFE98C00276049 /* LoginView.swift in Sources */ = {isa = PBXBuildFile; fileRef = D2073DF22AFFE98C00276049 /* LoginView.swift */; };
		D2073DF52AFFE9A100276049 /* ToDoListView.swift in Sources */ = {isa = PBXBuildFile; fileRef = D2073DF42AFFE9A100276049 /* ToDoListView.swift */; };
		D2073DF72AFFE9B600276049 /* RegisterView.swift in Sources */ = {isa = PBXBuildFile; fileRef = D2073DF62AFFE9B600276049 /* RegisterView.swift */; };
		D2073DF92AFFEA0B00276049 /* User.swift in Sources */ = {isa = PBXBuildFile; fileRef = D2073DF82AFFEA0B00276049 /* User.swift */; };
		D2073DFB2AFFEA1B00276049 /* ToDoListItem.swift in Sources */ = {isa = PBXBuildFile; fileRef = D2073DFA2AFFEA1B00276049 /* ToDoListItem.swift */; };
		D2073DFD2AFFEA6100276049 /* MainViewViewModel.swift in Sources */ = {isa = PBXBuildFile; fileRef = D2073DFC2AFFEA6100276049 /* MainViewViewModel.swift */; };
		D2073DFF2AFFEA7800276049 /* ProfileViewViewModel.swift in Sources */ = {isa = PBXBuildFile; fileRef = D2073DFE2AFFEA7800276049 /* ProfileViewViewModel.swift */; };
		D2073E012AFFEAB300276049 /* ToDoListItemViewViewModel.swift in Sources */ = {isa = PBXBuildFile; fileRef = D2073E002AFFEAB300276049 /* ToDoListItemViewViewModel.swift */; };
		D2073E032AFFEAC600276049 /* NewItemViewViewModel.swift in Sources */ = {isa = PBXBuildFile; fileRef = D2073E022AFFEAC600276049 /* NewItemViewViewModel.swift */; };
		D2073E052AFFEADD00276049 /* LoginViewViewModel.swift in Sources */ = {isa = PBXBuildFile; fileRef = D2073E042AFFEADD00276049 /* LoginViewViewModel.swift */; };
		D2073E072AFFEAF200276049 /* ToDoListViewViewModel.swift in Sources */ = {isa = PBXBuildFile; fileRef = D2073E062AFFEAF200276049 /* ToDoListViewViewModel.swift */; };
		D2073E092AFFEB0200276049 /* RegisterViewViewModel.swift in Sources */ = {isa = PBXBuildFile; fileRef = D2073E082AFFEB0200276049 /* RegisterViewViewModel.swift */; };
		D2073E0B2AFFF3DB00276049 /* HeaderView.swift in Sources */ = {isa = PBXBuildFile; fileRef = D2073E0A2AFFF3DB00276049 /* HeaderView.swift */; };
		D22430C82B07066200D44351 /* TLButton.swift in Sources */ = {isa = PBXBuildFile; fileRef = D22430C72B07066200D44351 /* TLButton.swift */; };
		D22430CA2B071B5800D44351 /* Extensions.swift in Sources */ = {isa = PBXBuildFile; fileRef = D22430C92B071B5800D44351 /* Extensions.swift */; };
		D22A3F762B135C5600B30459 /* EditView.swift in Sources */ = {isa = PBXBuildFile; fileRef = D22A3F752B135C5600B30459 /* EditView.swift */; };
		D22A3F782B135C6B00B30459 /* EditViewViewModel.swift in Sources */ = {isa = PBXBuildFile; fileRef = D22A3F772B135C6B00B30459 /* EditViewViewModel.swift */; };
		D22A3F7A2B140CFC00B30459 /* Assets.xcassets in Resources */ = {isa = PBXBuildFile; fileRef = D22A3F792B140CFC00B30459 /* Assets.xcassets */; };
		D22A3F822B140F1B00B30459 /* Date.swift in Sources */ = {isa = PBXBuildFile; fileRef = D22A3F7C2B140F1B00B30459 /* Date.swift */; };
		D22A3F842B140F1B00B30459 /* String.swift in Sources */ = {isa = PBXBuildFile; fileRef = D22A3F7E2B140F1B00B30459 /* String.swift */; };
		D22A3F852B140F1B00B30459 /* Double.swift in Sources */ = {isa = PBXBuildFile; fileRef = D22A3F7F2B140F1B00B30459 /* Double.swift */; };
		D22A3F862B140F1B00B30459 /* UIApplication.swift in Sources */ = {isa = PBXBuildFile; fileRef = D22A3F802B140F1B00B30459 /* UIApplication.swift */; };
		D22A3F872B140F1B00B30459 /* Color.swift in Sources */ = {isa = PBXBuildFile; fileRef = D22A3F812B140F1B00B30459 /* Color.swift */; };
		D22A3F892B14141300B30459 /* HomeView.swift in Sources */ = {isa = PBXBuildFile; fileRef = D22A3F882B14141300B30459 /* HomeView.swift */; };
		D22A3F8D2B1416E200B30459 /* CircleButtonView.swift in Sources */ = {isa = PBXBuildFile; fileRef = D22A3F8C2B1416E200B30459 /* CircleButtonView.swift */; };
		D22A3F8F2B141AB200B30459 /* CircleButtonAnimationView.swift in Sources */ = {isa = PBXBuildFile; fileRef = D22A3F8E2B141AB200B30459 /* CircleButtonAnimationView.swift */; };
		D22A3F912B14223400B30459 /* CoinModel.swift in Sources */ = {isa = PBXBuildFile; fileRef = D22A3F902B14223400B30459 /* CoinModel.swift */; };
		D22A3F932B14243100B30459 /* CoinRowView.swift in Sources */ = {isa = PBXBuildFile; fileRef = D22A3F922B14243100B30459 /* CoinRowView.swift */; };
		D22A3F952B1424E700B30459 /* PreviewProvider.swift in Sources */ = {isa = PBXBuildFile; fileRef = D22A3F942B1424E700B30459 /* PreviewProvider.swift */; };
		D22A3F972B1433DE00B30459 /* HomeViewModel.swift in Sources */ = {isa = PBXBuildFile; fileRef = D22A3F962B1433DE00B30459 /* HomeViewModel.swift */; };
		D22A3F9A2B143D0500B30459 /* CoinDataService.swift in Sources */ = {isa = PBXBuildFile; fileRef = D22A3F992B143D0500B30459 /* CoinDataService.swift */; };
		D22A3F9D2B1445DE00B30459 /* NetworkingManager.swift in Sources */ = {isa = PBXBuildFile; fileRef = D22A3F9C2B1445DE00B30459 /* NetworkingManager.swift */; };
		D22A3F9F2B144ADE00B30459 /* CoinImageView.swift in Sources */ = {isa = PBXBuildFile; fileRef = D22A3F9E2B144ADE00B30459 /* CoinImageView.swift */; };
		D22A3FA12B144F3600B30459 /* CoinImageService.swift in Sources */ = {isa = PBXBuildFile; fileRef = D22A3FA02B144F3600B30459 /* CoinImageService.swift */; };
		D22A3FA32B1450D000B30459 /* CoinImageViewModel.swift in Sources */ = {isa = PBXBuildFile; fileRef = D22A3FA22B1450D000B30459 /* CoinImageViewModel.swift */; };
		D2764F332B1573F100BB284B /* StatisticModel.swift in Sources */ = {isa = PBXBuildFile; fileRef = D2764F322B1573F100BB284B /* StatisticModel.swift */; };
		D2764F352B1574B000BB284B /* StatisticView.swift in Sources */ = {isa = PBXBuildFile; fileRef = D2764F342B1574B000BB284B /* StatisticView.swift */; };
		D290E43F2B15509200D869F5 /* LocalFileManager.swift in Sources */ = {isa = PBXBuildFile; fileRef = D290E43E2B15509200D869F5 /* LocalFileManager.swift */; };
		D290E4432B15580A00D869F5 /* SearchBarView.swift in Sources */ = {isa = PBXBuildFile; fileRef = D290E4422B15580A00D869F5 /* SearchBarView.swift */; };
		D2E373A82AFFB2B100DD8DB0 /* To_Do_List_AppApp.swift in Sources */ = {isa = PBXBuildFile; fileRef = D2E373A72AFFB2B100DD8DB0 /* To_Do_List_AppApp.swift */; };
		D2E373AA2AFFB2B100DD8DB0 /* MainView.swift in Sources */ = {isa = PBXBuildFile; fileRef = D2E373A92AFFB2B100DD8DB0 /* MainView.swift */; };
		D2E373AF2AFFB2B400DD8DB0 /* Preview Assets.xcassets in Resources */ = {isa = PBXBuildFile; fileRef = D2E373AE2AFFB2B400DD8DB0 /* Preview Assets.xcassets */; };
		D2E373B12AFFB2B400DD8DB0 /* Persistence.swift in Sources */ = {isa = PBXBuildFile; fileRef = D2E373B02AFFB2B400DD8DB0 /* Persistence.swift */; };
		D2E373B42AFFB2B400DD8DB0 /* To_Do_List_App.xcdatamodeld in Sources */ = {isa = PBXBuildFile; fileRef = D2E373B22AFFB2B400DD8DB0 /* To_Do_List_App.xcdatamodeld */; };
/* End PBXBuildFile section */

/* Begin PBXFileReference section */
		D2073DE62AFFE46900276049 /* GoogleService-Info.plist */ = {isa = PBXFileReference; fileEncoding = 4; lastKnownFileType = text.plist.xml; path = "GoogleService-Info.plist"; sourceTree = "<group>"; };
		D2073DEC2AFFE8DF00276049 /* ProfileView.swift */ = {isa = PBXFileReference; lastKnownFileType = sourcecode.swift; path = ProfileView.swift; sourceTree = "<group>"; };
		D2073DEE2AFFE90400276049 /* ToDoListItemView.swift */ = {isa = PBXFileReference; lastKnownFileType = sourcecode.swift; path = ToDoListItemView.swift; sourceTree = "<group>"; };
		D2073DF02AFFE92400276049 /* NewItemView.swift */ = {isa = PBXFileReference; lastKnownFileType = sourcecode.swift; path = NewItemView.swift; sourceTree = "<group>"; };
		D2073DF22AFFE98C00276049 /* LoginView.swift */ = {isa = PBXFileReference; lastKnownFileType = sourcecode.swift; path = LoginView.swift; sourceTree = "<group>"; };
		D2073DF42AFFE9A100276049 /* ToDoListView.swift */ = {isa = PBXFileReference; lastKnownFileType = sourcecode.swift; path = ToDoListView.swift; sourceTree = "<group>"; };
		D2073DF62AFFE9B600276049 /* RegisterView.swift */ = {isa = PBXFileReference; lastKnownFileType = sourcecode.swift; path = RegisterView.swift; sourceTree = "<group>"; };
		D2073DF82AFFEA0B00276049 /* User.swift */ = {isa = PBXFileReference; lastKnownFileType = sourcecode.swift; path = User.swift; sourceTree = "<group>"; };
		D2073DFA2AFFEA1B00276049 /* ToDoListItem.swift */ = {isa = PBXFileReference; lastKnownFileType = sourcecode.swift; path = ToDoListItem.swift; sourceTree = "<group>"; };
		D2073DFC2AFFEA6100276049 /* MainViewViewModel.swift */ = {isa = PBXFileReference; lastKnownFileType = sourcecode.swift; path = MainViewViewModel.swift; sourceTree = "<group>"; };
		D2073DFE2AFFEA7800276049 /* ProfileViewViewModel.swift */ = {isa = PBXFileReference; lastKnownFileType = sourcecode.swift; path = ProfileViewViewModel.swift; sourceTree = "<group>"; };
		D2073E002AFFEAB300276049 /* ToDoListItemViewViewModel.swift */ = {isa = PBXFileReference; lastKnownFileType = sourcecode.swift; path = ToDoListItemViewViewModel.swift; sourceTree = "<group>"; };
		D2073E022AFFEAC600276049 /* NewItemViewViewModel.swift */ = {isa = PBXFileReference; lastKnownFileType = sourcecode.swift; path = NewItemViewViewModel.swift; sourceTree = "<group>"; };
		D2073E042AFFEADD00276049 /* LoginViewViewModel.swift */ = {isa = PBXFileReference; lastKnownFileType = sourcecode.swift; path = LoginViewViewModel.swift; sourceTree = "<group>"; };
		D2073E062AFFEAF200276049 /* ToDoListViewViewModel.swift */ = {isa = PBXFileReference; lastKnownFileType = sourcecode.swift; path = ToDoListViewViewModel.swift; sourceTree = "<group>"; };
		D2073E082AFFEB0200276049 /* RegisterViewViewModel.swift */ = {isa = PBXFileReference; lastKnownFileType = sourcecode.swift; path = RegisterViewViewModel.swift; sourceTree = "<group>"; };
		D2073E0A2AFFF3DB00276049 /* HeaderView.swift */ = {isa = PBXFileReference; lastKnownFileType = sourcecode.swift; path = HeaderView.swift; sourceTree = "<group>"; };
		D22430C72B07066200D44351 /* TLButton.swift */ = {isa = PBXFileReference; lastKnownFileType = sourcecode.swift; path = TLButton.swift; sourceTree = "<group>"; };
		D22430C92B071B5800D44351 /* Extensions.swift */ = {isa = PBXFileReference; lastKnownFileType = sourcecode.swift; path = Extensions.swift; sourceTree = "<group>"; };
		D22A3F752B135C5600B30459 /* EditView.swift */ = {isa = PBXFileReference; lastKnownFileType = sourcecode.swift; path = EditView.swift; sourceTree = "<group>"; };
		D22A3F772B135C6B00B30459 /* EditViewViewModel.swift */ = {isa = PBXFileReference; lastKnownFileType = sourcecode.swift; path = EditViewViewModel.swift; sourceTree = "<group>"; };
		D22A3F792B140CFC00B30459 /* Assets.xcassets */ = {isa = PBXFileReference; lastKnownFileType = folder.assetcatalog; name = Assets.xcassets; path = Views/Assets.xcassets; sourceTree = "<group>"; };
		D22A3F7C2B140F1B00B30459 /* Date.swift */ = {isa = PBXFileReference; fileEncoding = 4; lastKnownFileType = sourcecode.swift; path = Date.swift; sourceTree = "<group>"; };
		D22A3F7E2B140F1B00B30459 /* String.swift */ = {isa = PBXFileReference; fileEncoding = 4; lastKnownFileType = sourcecode.swift; path = String.swift; sourceTree = "<group>"; };
		D22A3F7F2B140F1B00B30459 /* Double.swift */ = {isa = PBXFileReference; fileEncoding = 4; lastKnownFileType = sourcecode.swift; path = Double.swift; sourceTree = "<group>"; };
		D22A3F802B140F1B00B30459 /* UIApplication.swift */ = {isa = PBXFileReference; fileEncoding = 4; lastKnownFileType = sourcecode.swift; path = UIApplication.swift; sourceTree = "<group>"; };
		D22A3F812B140F1B00B30459 /* Color.swift */ = {isa = PBXFileReference; fileEncoding = 4; lastKnownFileType = sourcecode.swift; path = Color.swift; sourceTree = "<group>"; };
		D22A3F882B14141300B30459 /* HomeView.swift */ = {isa = PBXFileReference; lastKnownFileType = sourcecode.swift; path = HomeView.swift; sourceTree = "<group>"; };
		D22A3F8C2B1416E200B30459 /* CircleButtonView.swift */ = {isa = PBXFileReference; lastKnownFileType = sourcecode.swift; path = CircleButtonView.swift; sourceTree = "<group>"; };
		D22A3F8E2B141AB200B30459 /* CircleButtonAnimationView.swift */ = {isa = PBXFileReference; lastKnownFileType = sourcecode.swift; path = CircleButtonAnimationView.swift; sourceTree = "<group>"; };
		D22A3F902B14223400B30459 /* CoinModel.swift */ = {isa = PBXFileReference; fileEncoding = 4; lastKnownFileType = sourcecode.swift; path = CoinModel.swift; sourceTree = "<group>"; };
		D22A3F922B14243100B30459 /* CoinRowView.swift */ = {isa = PBXFileReference; lastKnownFileType = sourcecode.swift; path = CoinRowView.swift; sourceTree = "<group>"; };
		D22A3F942B1424E700B30459 /* PreviewProvider.swift */ = {isa = PBXFileReference; lastKnownFileType = sourcecode.swift; path = PreviewProvider.swift; sourceTree = "<group>"; };
		D22A3F962B1433DE00B30459 /* HomeViewModel.swift */ = {isa = PBXFileReference; lastKnownFileType = sourcecode.swift; path = HomeViewModel.swift; sourceTree = "<group>"; };
		D22A3F992B143D0500B30459 /* CoinDataService.swift */ = {isa = PBXFileReference; lastKnownFileType = sourcecode.swift; path = CoinDataService.swift; sourceTree = "<group>"; };
		D22A3F9C2B1445DE00B30459 /* NetworkingManager.swift */ = {isa = PBXFileReference; lastKnownFileType = sourcecode.swift; path = NetworkingManager.swift; sourceTree = "<group>"; };
		D22A3F9E2B144ADE00B30459 /* CoinImageView.swift */ = {isa = PBXFileReference; lastKnownFileType = sourcecode.swift; path = CoinImageView.swift; sourceTree = "<group>"; };
		D22A3FA02B144F3600B30459 /* CoinImageService.swift */ = {isa = PBXFileReference; lastKnownFileType = sourcecode.swift; path = CoinImageService.swift; sourceTree = "<group>"; };
		D22A3FA22B1450D000B30459 /* CoinImageViewModel.swift */ = {isa = PBXFileReference; lastKnownFileType = sourcecode.swift; path = CoinImageViewModel.swift; sourceTree = "<group>"; };
		D2764F322B1573F100BB284B /* StatisticModel.swift */ = {isa = PBXFileReference; lastKnownFileType = sourcecode.swift; path = StatisticModel.swift; sourceTree = "<group>"; };
		D2764F342B1574B000BB284B /* StatisticView.swift */ = {isa = PBXFileReference; lastKnownFileType = sourcecode.swift; path = StatisticView.swift; sourceTree = "<group>"; };
		D290E43E2B15509200D869F5 /* LocalFileManager.swift */ = {isa = PBXFileReference; lastKnownFileType = sourcecode.swift; path = LocalFileManager.swift; sourceTree = "<group>"; };
		D290E4422B15580A00D869F5 /* SearchBarView.swift */ = {isa = PBXFileReference; lastKnownFileType = sourcecode.swift; path = SearchBarView.swift; sourceTree = "<group>"; };
		D2E373A42AFFB2B100DD8DB0 /* To Do List App.app */ = {isa = PBXFileReference; explicitFileType = wrapper.application; includeInIndex = 0; path = "To Do List App.app"; sourceTree = BUILT_PRODUCTS_DIR; };
		D2E373A72AFFB2B100DD8DB0 /* To_Do_List_AppApp.swift */ = {isa = PBXFileReference; lastKnownFileType = sourcecode.swift; path = To_Do_List_AppApp.swift; sourceTree = "<group>"; };
		D2E373A92AFFB2B100DD8DB0 /* MainView.swift */ = {isa = PBXFileReference; lastKnownFileType = sourcecode.swift; path = MainView.swift; sourceTree = "<group>"; };
		D2E373AE2AFFB2B400DD8DB0 /* Preview Assets.xcassets */ = {isa = PBXFileReference; lastKnownFileType = folder.assetcatalog; path = "Preview Assets.xcassets"; sourceTree = "<group>"; };
		D2E373B02AFFB2B400DD8DB0 /* Persistence.swift */ = {isa = PBXFileReference; lastKnownFileType = sourcecode.swift; path = Persistence.swift; sourceTree = "<group>"; };
		D2E373B32AFFB2B400DD8DB0 /* To_Do_List_App.xcdatamodel */ = {isa = PBXFileReference; lastKnownFileType = wrapper.xcdatamodel; path = To_Do_List_App.xcdatamodel; sourceTree = "<group>"; };
/* End PBXFileReference section */

/* Begin PBXFrameworksBuildPhase section */
		D2E373A12AFFB2B100DD8DB0 /* Frameworks */ = {
			isa = PBXFrameworksBuildPhase;
			buildActionMask = 2147483647;
			files = (
				D2073DC32AFFE39900276049 /* FirebaseDatabase in Frameworks */,
				D2073DD12AFFE39900276049 /* FirebaseFunctionsCombine-Community in Frameworks */,
				D2073DC92AFFE39900276049 /* FirebaseFirestore in Frameworks */,
				D2073DB52AFFE39900276049 /* FirebaseAnalyticsSwift in Frameworks */,
				D2073DB12AFFE39900276049 /* FirebaseAnalytics in Frameworks */,
				D2073DB32AFFE39900276049 /* FirebaseAnalyticsOnDeviceConversion in Frameworks */,
				D2073DD92AFFE39900276049 /* FirebaseMLModelDownloader in Frameworks */,
				D2073DCD2AFFE39900276049 /* FirebaseFirestoreSwift in Frameworks */,
				D2073DB92AFFE39900276049 /* FirebaseAppCheck in Frameworks */,
				D2073DB72AFFE39900276049 /* FirebaseAnalyticsWithoutAdIdSupport in Frameworks */,
				D2073DBD2AFFE39900276049 /* FirebaseAuth in Frameworks */,
				D2073DC12AFFE39900276049 /* FirebaseCrashlytics in Frameworks */,
				D2073DE12AFFE39900276049 /* FirebaseRemoteConfigSwift in Frameworks */,
				D2073DD32AFFE39900276049 /* FirebaseInAppMessaging-Beta in Frameworks */,
				D2073DC52AFFE39900276049 /* FirebaseDatabaseSwift in Frameworks */,
				D2073DCF2AFFE39900276049 /* FirebaseFunctions in Frameworks */,
				D2073DE52AFFE39900276049 /* FirebaseStorageCombine-Community in Frameworks */,
				D2073DDF2AFFE39900276049 /* FirebaseRemoteConfig in Frameworks */,
				D2073DBB2AFFE39900276049 /* FirebaseAppDistribution-Beta in Frameworks */,
				D2073DBF2AFFE39900276049 /* FirebaseAuthCombine-Community in Frameworks */,
				D2073DDD2AFFE39900276049 /* FirebasePerformance in Frameworks */,
				D2073DD52AFFE39900276049 /* FirebaseInAppMessagingSwift-Beta in Frameworks */,
				D2073DE32AFFE39900276049 /* FirebaseStorage in Frameworks */,
				D2073DC72AFFE39900276049 /* FirebaseDynamicLinks in Frameworks */,
				D2073DCB2AFFE39900276049 /* FirebaseFirestoreCombine-Community in Frameworks */,
				D2073DDB2AFFE39900276049 /* FirebaseMessaging in Frameworks */,
				D2073DD72AFFE39900276049 /* FirebaseInstallations in Frameworks */,
			);
			runOnlyForDeploymentPostprocessing = 0;
		};
/* End PBXFrameworksBuildPhase section */

/* Begin PBXGroup section */
		D2073DE82AFFE6C300276049 /* Views */ = {
			isa = PBXGroup;
			children = (
				D2E373A92AFFB2B100DD8DB0 /* MainView.swift */,
				D2073DEC2AFFE8DF00276049 /* ProfileView.swift */,
				D2073DEE2AFFE90400276049 /* ToDoListItemView.swift */,
				D2073DF02AFFE92400276049 /* NewItemView.swift */,
				D2073DF22AFFE98C00276049 /* LoginView.swift */,
				D2073DF42AFFE9A100276049 /* ToDoListView.swift */,
				D2073DF62AFFE9B600276049 /* RegisterView.swift */,
				D22430C72B07066200D44351 /* TLButton.swift */,
				D2073E0A2AFFF3DB00276049 /* HeaderView.swift */,
				D22A3F752B135C5600B30459 /* EditView.swift */,
				D22A3F882B14141300B30459 /* HomeView.swift */,
				D22A3F922B14243100B30459 /* CoinRowView.swift */,
				D22A3F9E2B144ADE00B30459 /* CoinImageView.swift */,
			);
			path = Views;
			sourceTree = "<group>";
		};
		D2073DE92AFFE6D200276049 /* ViewModels */ = {
			isa = PBXGroup;
			children = (
				D2073DFE2AFFEA7800276049 /* ProfileViewViewModel.swift */,
				D2073DFC2AFFEA6100276049 /* MainViewViewModel.swift */,
				D2073E002AFFEAB300276049 /* ToDoListItemViewViewModel.swift */,
				D2073E022AFFEAC600276049 /* NewItemViewViewModel.swift */,
				D2073E042AFFEADD00276049 /* LoginViewViewModel.swift */,
				D2073E062AFFEAF200276049 /* ToDoListViewViewModel.swift */,
				D2073E082AFFEB0200276049 /* RegisterViewViewModel.swift */,
				D22A3F772B135C6B00B30459 /* EditViewViewModel.swift */,
				D22A3F962B1433DE00B30459 /* HomeViewModel.swift */,
				D22A3FA22B1450D000B30459 /* CoinImageViewModel.swift */,
			);
			path = ViewModels;
			sourceTree = "<group>";
		};
		D2073DEA2AFFE70400276049 /* Models */ = {
			isa = PBXGroup;
			children = (
				D22A3F902B14223400B30459 /* CoinModel.swift */,
				D2073DF82AFFEA0B00276049 /* User.swift */,
				D2073DFA2AFFEA1B00276049 /* ToDoListItem.swift */,
				D2764F322B1573F100BB284B /* StatisticModel.swift */,
			);
			path = Models;
			sourceTree = "<group>";
		};
		D2073DEB2AFFE70E00276049 /* Other */ = {
			isa = PBXGroup;
			children = (
				D2E373A72AFFB2B100DD8DB0 /* To_Do_List_AppApp.swift */,
				D2073DE62AFFE46900276049 /* GoogleService-Info.plist */,
				D22430C92B071B5800D44351 /* Extensions.swift */,
			);
			path = Other;
			sourceTree = "<group>";
		};
		D22A3F7B2B140F1B00B30459 /* Extensions */ = {
			isa = PBXGroup;
			children = (
				D22A3F7C2B140F1B00B30459 /* Date.swift */,
				D22A3F7E2B140F1B00B30459 /* String.swift */,
				D22A3F7F2B140F1B00B30459 /* Double.swift */,
				D22A3F802B140F1B00B30459 /* UIApplication.swift */,
				D22A3F812B140F1B00B30459 /* Color.swift */,
				D22A3F942B1424E700B30459 /* PreviewProvider.swift */,
			);
			path = Extensions;
			sourceTree = "<group>";
		};
		D22A3F8A2B1416B100B30459 /* Components */ = {
			isa = PBXGroup;
			children = (
				D22A3F8B2B1416C400B30459 /* CircleButtonView */,
				D290E4422B15580A00D869F5 /* SearchBarView.swift */,
				D2764F342B1574B000BB284B /* StatisticView.swift */,
			);
			path = Components;
			sourceTree = "<group>";
		};
		D22A3F8B2B1416C400B30459 /* CircleButtonView */ = {
			isa = PBXGroup;
			children = (
				D22A3F8C2B1416E200B30459 /* CircleButtonView.swift */,
				D22A3F8E2B141AB200B30459 /* CircleButtonAnimationView.swift */,
			);
			path = CircleButtonView;
			sourceTree = "<group>";
		};
		D22A3F982B143CE600B30459 /* Services */ = {
			isa = PBXGroup;
			children = (
				D22A3F992B143D0500B30459 /* CoinDataService.swift */,
				D22A3FA02B144F3600B30459 /* CoinImageService.swift */,
			);
			path = Services;
			sourceTree = "<group>";
		};
		D22A3F9B2B1445C100B30459 /* Utilities */ = {
			isa = PBXGroup;
			children = (
				D22A3F9C2B1445DE00B30459 /* NetworkingManager.swift */,
				D290E43E2B15509200D869F5 /* LocalFileManager.swift */,
			);
			path = Utilities;
			sourceTree = "<group>";
		};
		D2E3739B2AFFB2B100DD8DB0 = {
			isa = PBXGroup;
			children = (
				D2E373A62AFFB2B100DD8DB0 /* To Do List App */,
				D2E373A52AFFB2B100DD8DB0 /* Products */,
			);
			sourceTree = "<group>";
		};
		D2E373A52AFFB2B100DD8DB0 /* Products */ = {
			isa = PBXGroup;
			children = (
				D2E373A42AFFB2B100DD8DB0 /* To Do List App.app */,
			);
			name = Products;
			sourceTree = "<group>";
		};
		D2E373A62AFFB2B100DD8DB0 /* To Do List App */ = {
			isa = PBXGroup;
			children = (
				D22A3F9B2B1445C100B30459 /* Utilities */,
				D22A3F982B143CE600B30459 /* Services */,
				D22A3F8A2B1416B100B30459 /* Components */,
				D22A3F792B140CFC00B30459 /* Assets.xcassets */,
				D22A3F7B2B140F1B00B30459 /* Extensions */,
				D2073DEB2AFFE70E00276049 /* Other */,
				D2073DEA2AFFE70400276049 /* Models */,
				D2073DE92AFFE6D200276049 /* ViewModels */,
				D2073DE82AFFE6C300276049 /* Views */,
				D2E373B02AFFB2B400DD8DB0 /* Persistence.swift */,
				D2E373B22AFFB2B400DD8DB0 /* To_Do_List_App.xcdatamodeld */,
				D2E373AD2AFFB2B400DD8DB0 /* Preview Content */,
			);
			path = "To Do List App";
			sourceTree = "<group>";
		};
		D2E373AD2AFFB2B400DD8DB0 /* Preview Content */ = {
			isa = PBXGroup;
			children = (
				D2E373AE2AFFB2B400DD8DB0 /* Preview Assets.xcassets */,
			);
			path = "Preview Content";
			sourceTree = "<group>";
		};
/* End PBXGroup section */

/* Begin PBXNativeTarget section */
		D2E373A32AFFB2B100DD8DB0 /* To Do List App */ = {
			isa = PBXNativeTarget;
			buildConfigurationList = D2E373B72AFFB2B400DD8DB0 /* Build configuration list for PBXNativeTarget "To Do List App" */;
			buildPhases = (
				D2E373A02AFFB2B100DD8DB0 /* Sources */,
				D2E373A12AFFB2B100DD8DB0 /* Frameworks */,
				D2E373A22AFFB2B100DD8DB0 /* Resources */,
			);
			buildRules = (
			);
			dependencies = (
			);
			name = "To Do List App";
			packageProductDependencies = (
				D2073DB02AFFE39900276049 /* FirebaseAnalytics */,
				D2073DB22AFFE39900276049 /* FirebaseAnalyticsOnDeviceConversion */,
				D2073DB42AFFE39900276049 /* FirebaseAnalyticsSwift */,
				D2073DB62AFFE39900276049 /* FirebaseAnalyticsWithoutAdIdSupport */,
				D2073DB82AFFE39900276049 /* FirebaseAppCheck */,
				D2073DBA2AFFE39900276049 /* FirebaseAppDistribution-Beta */,
				D2073DBC2AFFE39900276049 /* FirebaseAuth */,
				D2073DBE2AFFE39900276049 /* FirebaseAuthCombine-Community */,
				D2073DC02AFFE39900276049 /* FirebaseCrashlytics */,
				D2073DC22AFFE39900276049 /* FirebaseDatabase */,
				D2073DC42AFFE39900276049 /* FirebaseDatabaseSwift */,
				D2073DC62AFFE39900276049 /* FirebaseDynamicLinks */,
				D2073DC82AFFE39900276049 /* FirebaseFirestore */,
				D2073DCA2AFFE39900276049 /* FirebaseFirestoreCombine-Community */,
				D2073DCC2AFFE39900276049 /* FirebaseFirestoreSwift */,
				D2073DCE2AFFE39900276049 /* FirebaseFunctions */,
				D2073DD02AFFE39900276049 /* FirebaseFunctionsCombine-Community */,
				D2073DD22AFFE39900276049 /* FirebaseInAppMessaging-Beta */,
				D2073DD42AFFE39900276049 /* FirebaseInAppMessagingSwift-Beta */,
				D2073DD62AFFE39900276049 /* FirebaseInstallations */,
				D2073DD82AFFE39900276049 /* FirebaseMLModelDownloader */,
				D2073DDA2AFFE39900276049 /* FirebaseMessaging */,
				D2073DDC2AFFE39900276049 /* FirebasePerformance */,
				D2073DDE2AFFE39900276049 /* FirebaseRemoteConfig */,
				D2073DE02AFFE39900276049 /* FirebaseRemoteConfigSwift */,
				D2073DE22AFFE39900276049 /* FirebaseStorage */,
				D2073DE42AFFE39900276049 /* FirebaseStorageCombine-Community */,
			);
			productName = "To Do List App";
			productReference = D2E373A42AFFB2B100DD8DB0 /* To Do List App.app */;
			productType = "com.apple.product-type.application";
		};
/* End PBXNativeTarget section */

/* Begin PBXProject section */
		D2E3739C2AFFB2B100DD8DB0 /* Project object */ = {
			isa = PBXProject;
			attributes = {
				BuildIndependentTargetsInParallel = 1;
				LastSwiftUpdateCheck = 1500;
				LastUpgradeCheck = 1500;
				TargetAttributes = {
					D2E373A32AFFB2B100DD8DB0 = {
						CreatedOnToolsVersion = 15.0;
					};
				};
			};
			buildConfigurationList = D2E3739F2AFFB2B100DD8DB0 /* Build configuration list for PBXProject "To Do List App" */;
			compatibilityVersion = "Xcode 14.0";
			developmentRegion = en;
			hasScannedForEncodings = 0;
			knownRegions = (
				en,
				Base,
			);
			mainGroup = D2E3739B2AFFB2B100DD8DB0;
			packageReferences = (
				D2073DAF2AFFE39900276049 /* XCRemoteSwiftPackageReference "firebase-ios-sdk" */,
			);
			productRefGroup = D2E373A52AFFB2B100DD8DB0 /* Products */;
			projectDirPath = "";
			projectRoot = "";
			targets = (
				D2E373A32AFFB2B100DD8DB0 /* To Do List App */,
			);
		};
/* End PBXProject section */

/* Begin PBXResourcesBuildPhase section */
		D2E373A22AFFB2B100DD8DB0 /* Resources */ = {
			isa = PBXResourcesBuildPhase;
			buildActionMask = 2147483647;
			files = (
				D2E373AF2AFFB2B400DD8DB0 /* Preview Assets.xcassets in Resources */,
				D22A3F7A2B140CFC00B30459 /* Assets.xcassets in Resources */,
				D2073DE72AFFE46900276049 /* GoogleService-Info.plist in Resources */,
			);
			runOnlyForDeploymentPostprocessing = 0;
		};
/* End PBXResourcesBuildPhase section */

/* Begin PBXSourcesBuildPhase section */
		D2E373A02AFFB2B100DD8DB0 /* Sources */ = {
			isa = PBXSourcesBuildPhase;
			buildActionMask = 2147483647;
			files = (
				D2E373B12AFFB2B400DD8DB0 /* Persistence.swift in Sources */,
				D22430C82B07066200D44351 /* TLButton.swift in Sources */,
				D2073DF72AFFE9B600276049 /* RegisterView.swift in Sources */,
				D22A3F8F2B141AB200B30459 /* CircleButtonAnimationView.swift in Sources */,
				D22A3F912B14223400B30459 /* CoinModel.swift in Sources */,
				D22A3F842B140F1B00B30459 /* String.swift in Sources */,
				D2073DFB2AFFEA1B00276049 /* ToDoListItem.swift in Sources */,
				D290E4432B15580A00D869F5 /* SearchBarView.swift in Sources */,
				D2073DEF2AFFE90400276049 /* ToDoListItemView.swift in Sources */,
				D22A3F852B140F1B00B30459 /* Double.swift in Sources */,
				D2073DF12AFFE92400276049 /* NewItemView.swift in Sources */,
				D22A3F9A2B143D0500B30459 /* CoinDataService.swift in Sources */,
				D2764F332B1573F100BB284B /* StatisticModel.swift in Sources */,
				D22A3F822B140F1B00B30459 /* Date.swift in Sources */,
				D2073E032AFFEAC600276049 /* NewItemViewViewModel.swift in Sources */,
				D22A3F782B135C6B00B30459 /* EditViewViewModel.swift in Sources */,
				D2764F352B1574B000BB284B /* StatisticView.swift in Sources */,
				D2073E052AFFEADD00276049 /* LoginViewViewModel.swift in Sources */,
				D2073DF52AFFE9A100276049 /* ToDoListView.swift in Sources */,
				D22430CA2B071B5800D44351 /* Extensions.swift in Sources */,
				D2E373AA2AFFB2B100DD8DB0 /* MainView.swift in Sources */,
				D2073E012AFFEAB300276049 /* ToDoListItemViewViewModel.swift in Sources */,
				D22A3F892B14141300B30459 /* HomeView.swift in Sources */,
				D22A3F972B1433DE00B30459 /* HomeViewModel.swift in Sources */,
				D22A3FA32B1450D000B30459 /* CoinImageViewModel.swift in Sources */,
				D22A3F952B1424E700B30459 /* PreviewProvider.swift in Sources */,
				D2073DED2AFFE8DF00276049 /* ProfileView.swift in Sources */,
				D2E373A82AFFB2B100DD8DB0 /* To_Do_List_AppApp.swift in Sources */,
				D2073DFD2AFFEA6100276049 /* MainViewViewModel.swift in Sources */,
				D2073E092AFFEB0200276049 /* RegisterViewViewModel.swift in Sources */,
				D22A3F9F2B144ADE00B30459 /* CoinImageView.swift in Sources */,
				D22A3F762B135C5600B30459 /* EditView.swift in Sources */,
				D2073E072AFFEAF200276049 /* ToDoListViewViewModel.swift in Sources */,
				D22A3F862B140F1B00B30459 /* UIApplication.swift in Sources */,
				D22A3F9D2B1445DE00B30459 /* NetworkingManager.swift in Sources */,
				D22A3F8D2B1416E200B30459 /* CircleButtonView.swift in Sources */,
				D22A3F872B140F1B00B30459 /* Color.swift in Sources */,
				D2073E0B2AFFF3DB00276049 /* HeaderView.swift in Sources */,
				D2073DF32AFFE98C00276049 /* LoginView.swift in Sources */,
				D2073DFF2AFFEA7800276049 /* ProfileViewViewModel.swift in Sources */,
				D2E373B42AFFB2B400DD8DB0 /* To_Do_List_App.xcdatamodeld in Sources */,
				D22A3F932B14243100B30459 /* CoinRowView.swift in Sources */,
				D22A3FA12B144F3600B30459 /* CoinImageService.swift in Sources */,
				D2073DF92AFFEA0B00276049 /* User.swift in Sources */,
				D290E43F2B15509200D869F5 /* LocalFileManager.swift in Sources */,
			);
			runOnlyForDeploymentPostprocessing = 0;
		};
/* End PBXSourcesBuildPhase section */

/* Begin XCBuildConfiguration section */
		D2E373B52AFFB2B400DD8DB0 /* Debug */ = {
			isa = XCBuildConfiguration;
			buildSettings = {
				ALWAYS_SEARCH_USER_PATHS = NO;
				ASSETCATALOG_COMPILER_GENERATE_SWIFT_ASSET_SYMBOL_EXTENSIONS = YES;
				CLANG_ANALYZER_NONNULL = YES;
				CLANG_ANALYZER_NUMBER_OBJECT_CONVERSION = YES_AGGRESSIVE;
				CLANG_CXX_LANGUAGE_STANDARD = "gnu++20";
				CLANG_ENABLE_MODULES = YES;
				CLANG_ENABLE_OBJC_ARC = YES;
				CLANG_ENABLE_OBJC_WEAK = YES;
				CLANG_WARN_BLOCK_CAPTURE_AUTORELEASING = YES;
				CLANG_WARN_BOOL_CONVERSION = YES;
				CLANG_WARN_COMMA = YES;
				CLANG_WARN_CONSTANT_CONVERSION = YES;
				CLANG_WARN_DEPRECATED_OBJC_IMPLEMENTATIONS = YES;
				CLANG_WARN_DIRECT_OBJC_ISA_USAGE = YES_ERROR;
				CLANG_WARN_DOCUMENTATION_COMMENTS = YES;
				CLANG_WARN_EMPTY_BODY = YES;
				CLANG_WARN_ENUM_CONVERSION = YES;
				CLANG_WARN_INFINITE_RECURSION = YES;
				CLANG_WARN_INT_CONVERSION = YES;
				CLANG_WARN_NON_LITERAL_NULL_CONVERSION = YES;
				CLANG_WARN_OBJC_IMPLICIT_RETAIN_SELF = YES;
				CLANG_WARN_OBJC_LITERAL_CONVERSION = YES;
				CLANG_WARN_OBJC_ROOT_CLASS = YES_ERROR;
				CLANG_WARN_QUOTED_INCLUDE_IN_FRAMEWORK_HEADER = YES;
				CLANG_WARN_RANGE_LOOP_ANALYSIS = YES;
				CLANG_WARN_STRICT_PROTOTYPES = YES;
				CLANG_WARN_SUSPICIOUS_MOVE = YES;
				CLANG_WARN_UNGUARDED_AVAILABILITY = YES_AGGRESSIVE;
				CLANG_WARN_UNREACHABLE_CODE = YES;
				CLANG_WARN__DUPLICATE_METHOD_MATCH = YES;
				COPY_PHASE_STRIP = NO;
				DEBUG_INFORMATION_FORMAT = dwarf;
				ENABLE_STRICT_OBJC_MSGSEND = YES;
				ENABLE_TESTABILITY = YES;
				ENABLE_USER_SCRIPT_SANDBOXING = YES;
				GCC_C_LANGUAGE_STANDARD = gnu17;
				GCC_DYNAMIC_NO_PIC = NO;
				GCC_NO_COMMON_BLOCKS = YES;
				GCC_OPTIMIZATION_LEVEL = 0;
				GCC_PREPROCESSOR_DEFINITIONS = (
					"DEBUG=1",
					"$(inherited)",
				);
				GCC_WARN_64_TO_32_BIT_CONVERSION = YES;
				GCC_WARN_ABOUT_RETURN_TYPE = YES_ERROR;
				GCC_WARN_UNDECLARED_SELECTOR = YES;
				GCC_WARN_UNINITIALIZED_AUTOS = YES_AGGRESSIVE;
				GCC_WARN_UNUSED_FUNCTION = YES;
				GCC_WARN_UNUSED_VARIABLE = YES;
				IPHONEOS_DEPLOYMENT_TARGET = 17.0;
				LOCALIZATION_PREFERS_STRING_CATALOGS = YES;
				MTL_ENABLE_DEBUG_INFO = INCLUDE_SOURCE;
				MTL_FAST_MATH = YES;
				ONLY_ACTIVE_ARCH = YES;
				SDKROOT = iphoneos;
				SWIFT_ACTIVE_COMPILATION_CONDITIONS = "DEBUG $(inherited)";
				SWIFT_OPTIMIZATION_LEVEL = "-Onone";
			};
			name = Debug;
		};
		D2E373B62AFFB2B400DD8DB0 /* Release */ = {
			isa = XCBuildConfiguration;
			buildSettings = {
				ALWAYS_SEARCH_USER_PATHS = NO;
				ASSETCATALOG_COMPILER_GENERATE_SWIFT_ASSET_SYMBOL_EXTENSIONS = YES;
				CLANG_ANALYZER_NONNULL = YES;
				CLANG_ANALYZER_NUMBER_OBJECT_CONVERSION = YES_AGGRESSIVE;
				CLANG_CXX_LANGUAGE_STANDARD = "gnu++20";
				CLANG_ENABLE_MODULES = YES;
				CLANG_ENABLE_OBJC_ARC = YES;
				CLANG_ENABLE_OBJC_WEAK = YES;
				CLANG_WARN_BLOCK_CAPTURE_AUTORELEASING = YES;
				CLANG_WARN_BOOL_CONVERSION = YES;
				CLANG_WARN_COMMA = YES;
				CLANG_WARN_CONSTANT_CONVERSION = YES;
				CLANG_WARN_DEPRECATED_OBJC_IMPLEMENTATIONS = YES;
				CLANG_WARN_DIRECT_OBJC_ISA_USAGE = YES_ERROR;
				CLANG_WARN_DOCUMENTATION_COMMENTS = YES;
				CLANG_WARN_EMPTY_BODY = YES;
				CLANG_WARN_ENUM_CONVERSION = YES;
				CLANG_WARN_INFINITE_RECURSION = YES;
				CLANG_WARN_INT_CONVERSION = YES;
				CLANG_WARN_NON_LITERAL_NULL_CONVERSION = YES;
				CLANG_WARN_OBJC_IMPLICIT_RETAIN_SELF = YES;
				CLANG_WARN_OBJC_LITERAL_CONVERSION = YES;
				CLANG_WARN_OBJC_ROOT_CLASS = YES_ERROR;
				CLANG_WARN_QUOTED_INCLUDE_IN_FRAMEWORK_HEADER = YES;
				CLANG_WARN_RANGE_LOOP_ANALYSIS = YES;
				CLANG_WARN_STRICT_PROTOTYPES = YES;
				CLANG_WARN_SUSPICIOUS_MOVE = YES;
				CLANG_WARN_UNGUARDED_AVAILABILITY = YES_AGGRESSIVE;
				CLANG_WARN_UNREACHABLE_CODE = YES;
				CLANG_WARN__DUPLICATE_METHOD_MATCH = YES;
				COPY_PHASE_STRIP = NO;
				DEBUG_INFORMATION_FORMAT = "dwarf-with-dsym";
				ENABLE_NS_ASSERTIONS = NO;
				ENABLE_STRICT_OBJC_MSGSEND = YES;
				ENABLE_USER_SCRIPT_SANDBOXING = YES;
				GCC_C_LANGUAGE_STANDARD = gnu17;
				GCC_NO_COMMON_BLOCKS = YES;
				GCC_WARN_64_TO_32_BIT_CONVERSION = YES;
				GCC_WARN_ABOUT_RETURN_TYPE = YES_ERROR;
				GCC_WARN_UNDECLARED_SELECTOR = YES;
				GCC_WARN_UNINITIALIZED_AUTOS = YES_AGGRESSIVE;
				GCC_WARN_UNUSED_FUNCTION = YES;
				GCC_WARN_UNUSED_VARIABLE = YES;
				IPHONEOS_DEPLOYMENT_TARGET = 17.0;
				LOCALIZATION_PREFERS_STRING_CATALOGS = YES;
				MTL_ENABLE_DEBUG_INFO = NO;
				MTL_FAST_MATH = YES;
				SDKROOT = iphoneos;
				SWIFT_COMPILATION_MODE = wholemodule;
				VALIDATE_PRODUCT = YES;
			};
			name = Release;
		};
		D2E373B82AFFB2B400DD8DB0 /* Debug */ = {
			isa = XCBuildConfiguration;
			buildSettings = {
				ASSETCATALOG_COMPILER_APPICON_NAME = AppIcon;
				ASSETCATALOG_COMPILER_GLOBAL_ACCENT_COLOR_NAME = AccentColor;
				CODE_SIGN_STYLE = Automatic;
				CURRENT_PROJECT_VERSION = 1;
				DEVELOPMENT_ASSET_PATHS = "\"To Do List App/Preview Content\"";
				DEVELOPMENT_TEAM = TSKU9UJK99;
				ENABLE_PREVIEWS = YES;
				GENERATE_INFOPLIST_FILE = YES;
				INFOPLIST_KEY_CFBundleDisplayName = NotesApp;
				INFOPLIST_KEY_UIApplicationSceneManifest_Generation = YES;
				INFOPLIST_KEY_UIApplicationSupportsIndirectInputEvents = YES;
				INFOPLIST_KEY_UILaunchScreen_Generation = YES;
				INFOPLIST_KEY_UISupportedInterfaceOrientations = UIInterfaceOrientationPortrait;
				LD_RUNPATH_SEARCH_PATHS = (
					"$(inherited)",
					"@executable_path/Frameworks",
				);
				MARKETING_VERSION = 1.0;
				PRODUCT_BUNDLE_IDENTIFIER = "com.Kazi.To-Do-List-App";
				PRODUCT_NAME = "$(TARGET_NAME)";
				SWIFT_EMIT_LOC_STRINGS = YES;
				SWIFT_VERSION = 5.0;
				TARGETED_DEVICE_FAMILY = "1,2";
			};
			name = Debug;
		};
		D2E373B92AFFB2B400DD8DB0 /* Release */ = {
			isa = XCBuildConfiguration;
			buildSettings = {
				ASSETCATALOG_COMPILER_APPICON_NAME = AppIcon;
				ASSETCATALOG_COMPILER_GLOBAL_ACCENT_COLOR_NAME = AccentColor;
				CODE_SIGN_STYLE = Automatic;
				CURRENT_PROJECT_VERSION = 1;
				DEVELOPMENT_ASSET_PATHS = "\"To Do List App/Preview Content\"";
				DEVELOPMENT_TEAM = TSKU9UJK99;
				ENABLE_PREVIEWS = YES;
				GENERATE_INFOPLIST_FILE = YES;
				INFOPLIST_KEY_CFBundleDisplayName = NotesApp;
				INFOPLIST_KEY_UIApplicationSceneManifest_Generation = YES;
				INFOPLIST_KEY_UIApplicationSupportsIndirectInputEvents = YES;
				INFOPLIST_KEY_UILaunchScreen_Generation = YES;
				INFOPLIST_KEY_UISupportedInterfaceOrientations = UIInterfaceOrientationPortrait;
				LD_RUNPATH_SEARCH_PATHS = (
					"$(inherited)",
					"@executable_path/Frameworks",
				);
				MARKETING_VERSION = 1.0;
				PRODUCT_BUNDLE_IDENTIFIER = "com.Kazi.To-Do-List-App";
				PRODUCT_NAME = "$(TARGET_NAME)";
				SWIFT_EMIT_LOC_STRINGS = YES;
				SWIFT_VERSION = 5.0;
				TARGETED_DEVICE_FAMILY = "1,2";
			};
			name = Release;
		};
/* End XCBuildConfiguration section */

/* Begin XCConfigurationList section */
		D2E3739F2AFFB2B100DD8DB0 /* Build configuration list for PBXProject "To Do List App" */ = {
			isa = XCConfigurationList;
			buildConfigurations = (
				D2E373B52AFFB2B400DD8DB0 /* Debug */,
				D2E373B62AFFB2B400DD8DB0 /* Release */,
			);
			defaultConfigurationIsVisible = 0;
			defaultConfigurationName = Release;
		};
		D2E373B72AFFB2B400DD8DB0 /* Build configuration list for PBXNativeTarget "To Do List App" */ = {
			isa = XCConfigurationList;
			buildConfigurations = (
				D2E373B82AFFB2B400DD8DB0 /* Debug */,
				D2E373B92AFFB2B400DD8DB0 /* Release */,
			);
			defaultConfigurationIsVisible = 0;
			defaultConfigurationName = Release;
		};
/* End XCConfigurationList section */

/* Begin XCRemoteSwiftPackageReference section */
		D2073DAF2AFFE39900276049 /* XCRemoteSwiftPackageReference "firebase-ios-sdk" */ = {
			isa = XCRemoteSwiftPackageReference;
			repositoryURL = "https://github.com/firebase/firebase-ios-sdk";
			requirement = {
				kind = upToNextMajorVersion;
				minimumVersion = 10.17.0;
			};
		};
/* End XCRemoteSwiftPackageReference section */

/* Begin XCSwiftPackageProductDependency section */
		D2073DB02AFFE39900276049 /* FirebaseAnalytics */ = {
			isa = XCSwiftPackageProductDependency;
			package = D2073DAF2AFFE39900276049 /* XCRemoteSwiftPackageReference "firebase-ios-sdk" */;
			productName = FirebaseAnalytics;
		};
		D2073DB22AFFE39900276049 /* FirebaseAnalyticsOnDeviceConversion */ = {
			isa = XCSwiftPackageProductDependency;
			package = D2073DAF2AFFE39900276049 /* XCRemoteSwiftPackageReference "firebase-ios-sdk" */;
			productName = FirebaseAnalyticsOnDeviceConversion;
		};
		D2073DB42AFFE39900276049 /* FirebaseAnalyticsSwift */ = {
			isa = XCSwiftPackageProductDependency;
			package = D2073DAF2AFFE39900276049 /* XCRemoteSwiftPackageReference "firebase-ios-sdk" */;
			productName = FirebaseAnalyticsSwift;
		};
		D2073DB62AFFE39900276049 /* FirebaseAnalyticsWithoutAdIdSupport */ = {
			isa = XCSwiftPackageProductDependency;
			package = D2073DAF2AFFE39900276049 /* XCRemoteSwiftPackageReference "firebase-ios-sdk" */;
			productName = FirebaseAnalyticsWithoutAdIdSupport;
		};
		D2073DB82AFFE39900276049 /* FirebaseAppCheck */ = {
			isa = XCSwiftPackageProductDependency;
			package = D2073DAF2AFFE39900276049 /* XCRemoteSwiftPackageReference "firebase-ios-sdk" */;
			productName = FirebaseAppCheck;
		};
		D2073DBA2AFFE39900276049 /* FirebaseAppDistribution-Beta */ = {
			isa = XCSwiftPackageProductDependency;
			package = D2073DAF2AFFE39900276049 /* XCRemoteSwiftPackageReference "firebase-ios-sdk" */;
			productName = "FirebaseAppDistribution-Beta";
		};
		D2073DBC2AFFE39900276049 /* FirebaseAuth */ = {
			isa = XCSwiftPackageProductDependency;
			package = D2073DAF2AFFE39900276049 /* XCRemoteSwiftPackageReference "firebase-ios-sdk" */;
			productName = FirebaseAuth;
		};
		D2073DBE2AFFE39900276049 /* FirebaseAuthCombine-Community */ = {
			isa = XCSwiftPackageProductDependency;
			package = D2073DAF2AFFE39900276049 /* XCRemoteSwiftPackageReference "firebase-ios-sdk" */;
			productName = "FirebaseAuthCombine-Community";
		};
		D2073DC02AFFE39900276049 /* FirebaseCrashlytics */ = {
			isa = XCSwiftPackageProductDependency;
			package = D2073DAF2AFFE39900276049 /* XCRemoteSwiftPackageReference "firebase-ios-sdk" */;
			productName = FirebaseCrashlytics;
		};
		D2073DC22AFFE39900276049 /* FirebaseDatabase */ = {
			isa = XCSwiftPackageProductDependency;
			package = D2073DAF2AFFE39900276049 /* XCRemoteSwiftPackageReference "firebase-ios-sdk" */;
			productName = FirebaseDatabase;
		};
		D2073DC42AFFE39900276049 /* FirebaseDatabaseSwift */ = {
			isa = XCSwiftPackageProductDependency;
			package = D2073DAF2AFFE39900276049 /* XCRemoteSwiftPackageReference "firebase-ios-sdk" */;
			productName = FirebaseDatabaseSwift;
		};
		D2073DC62AFFE39900276049 /* FirebaseDynamicLinks */ = {
			isa = XCSwiftPackageProductDependency;
			package = D2073DAF2AFFE39900276049 /* XCRemoteSwiftPackageReference "firebase-ios-sdk" */;
			productName = FirebaseDynamicLinks;
		};
		D2073DC82AFFE39900276049 /* FirebaseFirestore */ = {
			isa = XCSwiftPackageProductDependency;
			package = D2073DAF2AFFE39900276049 /* XCRemoteSwiftPackageReference "firebase-ios-sdk" */;
			productName = FirebaseFirestore;
		};
		D2073DCA2AFFE39900276049 /* FirebaseFirestoreCombine-Community */ = {
			isa = XCSwiftPackageProductDependency;
			package = D2073DAF2AFFE39900276049 /* XCRemoteSwiftPackageReference "firebase-ios-sdk" */;
			productName = "FirebaseFirestoreCombine-Community";
		};
		D2073DCC2AFFE39900276049 /* FirebaseFirestoreSwift */ = {
			isa = XCSwiftPackageProductDependency;
			package = D2073DAF2AFFE39900276049 /* XCRemoteSwiftPackageReference "firebase-ios-sdk" */;
			productName = FirebaseFirestoreSwift;
		};
		D2073DCE2AFFE39900276049 /* FirebaseFunctions */ = {
			isa = XCSwiftPackageProductDependency;
			package = D2073DAF2AFFE39900276049 /* XCRemoteSwiftPackageReference "firebase-ios-sdk" */;
			productName = FirebaseFunctions;
		};
		D2073DD02AFFE39900276049 /* FirebaseFunctionsCombine-Community */ = {
			isa = XCSwiftPackageProductDependency;
			package = D2073DAF2AFFE39900276049 /* XCRemoteSwiftPackageReference "firebase-ios-sdk" */;
			productName = "FirebaseFunctionsCombine-Community";
		};
		D2073DD22AFFE39900276049 /* FirebaseInAppMessaging-Beta */ = {
			isa = XCSwiftPackageProductDependency;
			package = D2073DAF2AFFE39900276049 /* XCRemoteSwiftPackageReference "firebase-ios-sdk" */;
			productName = "FirebaseInAppMessaging-Beta";
		};
		D2073DD42AFFE39900276049 /* FirebaseInAppMessagingSwift-Beta */ = {
			isa = XCSwiftPackageProductDependency;
			package = D2073DAF2AFFE39900276049 /* XCRemoteSwiftPackageReference "firebase-ios-sdk" */;
			productName = "FirebaseInAppMessagingSwift-Beta";
		};
		D2073DD62AFFE39900276049 /* FirebaseInstallations */ = {
			isa = XCSwiftPackageProductDependency;
			package = D2073DAF2AFFE39900276049 /* XCRemoteSwiftPackageReference "firebase-ios-sdk" */;
			productName = FirebaseInstallations;
		};
		D2073DD82AFFE39900276049 /* FirebaseMLModelDownloader */ = {
			isa = XCSwiftPackageProductDependency;
			package = D2073DAF2AFFE39900276049 /* XCRemoteSwiftPackageReference "firebase-ios-sdk" */;
			productName = FirebaseMLModelDownloader;
		};
		D2073DDA2AFFE39900276049 /* FirebaseMessaging */ = {
			isa = XCSwiftPackageProductDependency;
			package = D2073DAF2AFFE39900276049 /* XCRemoteSwiftPackageReference "firebase-ios-sdk" */;
			productName = FirebaseMessaging;
		};
		D2073DDC2AFFE39900276049 /* FirebasePerformance */ = {
			isa = XCSwiftPackageProductDependency;
			package = D2073DAF2AFFE39900276049 /* XCRemoteSwiftPackageReference "firebase-ios-sdk" */;
			productName = FirebasePerformance;
		};
		D2073DDE2AFFE39900276049 /* FirebaseRemoteConfig */ = {
			isa = XCSwiftPackageProductDependency;
			package = D2073DAF2AFFE39900276049 /* XCRemoteSwiftPackageReference "firebase-ios-sdk" */;
			productName = FirebaseRemoteConfig;
		};
		D2073DE02AFFE39900276049 /* FirebaseRemoteConfigSwift */ = {
			isa = XCSwiftPackageProductDependency;
			package = D2073DAF2AFFE39900276049 /* XCRemoteSwiftPackageReference "firebase-ios-sdk" */;
			productName = FirebaseRemoteConfigSwift;
		};
		D2073DE22AFFE39900276049 /* FirebaseStorage */ = {
			isa = XCSwiftPackageProductDependency;
			package = D2073DAF2AFFE39900276049 /* XCRemoteSwiftPackageReference "firebase-ios-sdk" */;
			productName = FirebaseStorage;
		};
		D2073DE42AFFE39900276049 /* FirebaseStorageCombine-Community */ = {
			isa = XCSwiftPackageProductDependency;
			package = D2073DAF2AFFE39900276049 /* XCRemoteSwiftPackageReference "firebase-ios-sdk" */;
			productName = "FirebaseStorageCombine-Community";
		};
/* End XCSwiftPackageProductDependency section */

/* Begin XCVersionGroup section */
		D2E373B22AFFB2B400DD8DB0 /* To_Do_List_App.xcdatamodeld */ = {
			isa = XCVersionGroup;
			children = (
				D2E373B32AFFB2B400DD8DB0 /* To_Do_List_App.xcdatamodel */,
			);
			currentVersion = D2E373B32AFFB2B400DD8DB0 /* To_Do_List_App.xcdatamodel */;
			path = To_Do_List_App.xcdatamodeld;
			sourceTree = "<group>";
			versionGroupType = wrapper.xcdatamodel;
		};
/* End XCVersionGroup section */
	};
	rootObject = D2E3739C2AFFB2B100DD8DB0 /* Project object */;
}
